
Microsoft Visual Studio Solution File, Format Version 12.00
# Visual Studio 15
Project("{FAE04EC0-301F-11D3-BF4B-00C04F79EFBC}") = "Args", "Args\Args.csproj", "{47AAD3EA-926D-4BCB-8982-97DDA9716023}"
EndProject
Global
	GlobalSection(SolutionConfigurationPlatforms) = preSolution
		Debug|Any CPU = Debug|Any CPU
		Release|Any CPU = Release|Any CPU
	EndGlobalSection
	GlobalSection(ProjectConfigurationPlatforms) = postSolution
		{47AAD3EA-926D-4BCB-8982-97DDA9716023}.Debug|Any CPU.ActiveCfg = Debug|Any CPU
		{47AAD3EA-926D-4BCB-8982-97DDA9716023}.Debug|Any CPU.Build.0 = Debug|Any CPU
		{47AAD3EA-926D-4BCB-8982-97DDA9716023}.Release|Any CPU.ActiveCfg = Release|Any CPU
		{47AAD3EA-926D-4BCB-8982-97DDA9716023}.Release|Any CPU.Build.0 = Release|Any CPU
	EndGlobalSection
EndGlobal
